<?xml version="1.0" encoding="UTF-8"?>
<CodeBlocks_project_file>
	<FileVersion major="1" minor="6"/>
	<Project>
		<Option title="1DPlotting"/>
		<Option makefile_is_custom="1"/>
		<Option compiler="gcc"/>
		<Option virtualFolders="CMake Files\;CMake Files\..\;CMake Files\..\..\;CMake Files\..\..\..\;CMake Files\..\..\..\..\;CMake Files\..\..\..\..\..\;CMake Files\..\..\..\..\..\Software\;CMake Files\..\..\..\..\..\Software\ROOT\;CMake Files\..\..\..\..\..\Software\ROOT\root-build\;CMake Files\..\..\..\..\..\Software\ROOT\root\;CMake Files\..\..\..\..\..\Software\ROOT\root\cmake\;CMake Files\..\..\..\..\..\Software\ROOT\root\cmake\modules\;"/>
		<Build>
			<Target title="all">
				<Option working_dir="/home/rtesse/Documents/Work/GitHub/Root_macro/1DPlotting-build"/>
				<Option type="4"/>
				<MakeCommands>
					<Build command="/usr/bin/make -j4 -f &quot;/home/rtesse/Documents/Work/GitHub/Root_macro/1DPlotting-build/Makefile&quot;  VERBOSE=1 all"/>
					<CompileFile command="/usr/bin/make -j4 -f &quot;/home/rtesse/Documents/Work/GitHub/Root_macro/1DPlotting-build/Makefile&quot;  VERBOSE=1 &quot;$file&quot;"/>
					<Clean command="/usr/bin/make -j4 -f &quot;/home/rtesse/Documents/Work/GitHub/Root_macro/1DPlotting-build/Makefile&quot;  VERBOSE=1 clean"/>
					<DistClean command="/usr/bin/make -j4 -f &quot;/home/rtesse/Documents/Work/GitHub/Root_macro/1DPlotting-build/Makefile&quot;  VERBOSE=1 clean"/>
				</MakeCommands>
			</Target>
			<Target title="install/strip">
				<Option working_dir="/home/rtesse/Documents/Work/GitHub/Root_macro/1DPlotting-build"/>
				<Option type="4"/>
				<MakeCommands>
					<Build command="/usr/bin/make -j4 -f &quot;/home/rtesse/Documents/Work/GitHub/Root_macro/1DPlotting-build/Makefile&quot;  VERBOSE=1 install/strip"/>
					<CompileFile command="/usr/bin/make -j4 -f &quot;/home/rtesse/Documents/Work/GitHub/Root_macro/1DPlotting-build/Makefile&quot;  VERBOSE=1 &quot;$file&quot;"/>
					<Clean command="/usr/bin/make -j4 -f &quot;/home/rtesse/Documents/Work/GitHub/Root_macro/1DPlotting-build/Makefile&quot;  VERBOSE=1 clean"/>
					<DistClean command="/usr/bin/make -j4 -f &quot;/home/rtesse/Documents/Work/GitHub/Root_macro/1DPlotting-build/Makefile&quot;  VERBOSE=1 clean"/>
				</MakeCommands>
			</Target>
			<Target title="install/local">
				<Option working_dir="/home/rtesse/Documents/Work/GitHub/Root_macro/1DPlotting-build"/>
				<Option type="4"/>
				<MakeCommands>
					<Build command="/usr/bin/make -j4 -f &quot;/home/rtesse/Documents/Work/GitHub/Root_macro/1DPlotting-build/Makefile&quot;  VERBOSE=1 install/local"/>
					<CompileFile command="/usr/bin/make -j4 -f &quot;/home/rtesse/Documents/Work/GitHub/Root_macro/1DPlotting-build/Makefile&quot;  VERBOSE=1 &quot;$file&quot;"/>
					<Clean command="/usr/bin/make -j4 -f &quot;/home/rtesse/Documents/Work/GitHub/Root_macro/1DPlotting-build/Makefile&quot;  VERBOSE=1 clean"/>
					<DistClean command="/usr/bin/make -j4 -f &quot;/home/rtesse/Documents/Work/GitHub/Root_macro/1DPlotting-build/Makefile&quot;  VERBOSE=1 clean"/>
				</MakeCommands>
			</Target>
			<Target title="1DPlotting">
				<Option output="/home/rtesse/Documents/Work/GitHub/Root_macro/1DPlotting-build/1DPlotting" prefix_auto="0" extension_auto="0"/>
				<Option working_dir="/home/rtesse/Documents/Work/GitHub/Root_macro/1DPlotting-build"/>
				<Option object_output="./"/>
				<Option type="1"/>
				<Option compiler="gcc"/>
				<Compiler>
					<Add directory="/home/rtesse/Software/ROOT/root-build/include"/>
					<Add directory="/usr/include/c++/6"/>
					<Add directory="/usr/include/x86_64-linux-gnu/c++/6"/>
					<Add directory="/usr/include/c++/6/backward"/>
					<Add directory="/usr/lib/gcc/x86_64-linux-gnu/6/include"/>
					<Add directory="/usr/local/include"/>
					<Add directory="/usr/lib/gcc/x86_64-linux-gnu/6/include-fixed"/>
					<Add directory="/usr/include/x86_64-linux-gnu"/>
					<Add directory="/usr/include"/>
				</Compiler>
				<MakeCommands>
					<Build command="/usr/bin/make -j4 -f &quot;/home/rtesse/Documents/Work/GitHub/Root_macro/1DPlotting-build/Makefile&quot;  VERBOSE=1 1DPlotting"/>
					<CompileFile command="/usr/bin/make -j4 -f &quot;/home/rtesse/Documents/Work/GitHub/Root_macro/1DPlotting-build/Makefile&quot;  VERBOSE=1 &quot;$file&quot;"/>
					<Clean command="/usr/bin/make -j4 -f &quot;/home/rtesse/Documents/Work/GitHub/Root_macro/1DPlotting-build/Makefile&quot;  VERBOSE=1 clean"/>
					<DistClean command="/usr/bin/make -j4 -f &quot;/home/rtesse/Documents/Work/GitHub/Root_macro/1DPlotting-build/Makefile&quot;  VERBOSE=1 clean"/>
				</MakeCommands>
			</Target>
			<Target title="1DPlotting/fast">
				<Option output="/home/rtesse/Documents/Work/GitHub/Root_macro/1DPlotting-build/1DPlotting" prefix_auto="0" extension_auto="0"/>
				<Option working_dir="/home/rtesse/Documents/Work/GitHub/Root_macro/1DPlotting-build"/>
				<Option object_output="./"/>
				<Option type="1"/>
				<Option compiler="gcc"/>
				<Compiler>
					<Add directory="/home/rtesse/Software/ROOT/root-build/include"/>
					<Add directory="/usr/include/c++/6"/>
					<Add directory="/usr/include/x86_64-linux-gnu/c++/6"/>
					<Add directory="/usr/include/c++/6/backward"/>
					<Add directory="/usr/lib/gcc/x86_64-linux-gnu/6/include"/>
					<Add directory="/usr/local/include"/>
					<Add directory="/usr/lib/gcc/x86_64-linux-gnu/6/include-fixed"/>
					<Add directory="/usr/include/x86_64-linux-gnu"/>
					<Add directory="/usr/include"/>
				</Compiler>
				<MakeCommands>
					<Build command="/usr/bin/make -j4 -f &quot;/home/rtesse/Documents/Work/GitHub/Root_macro/1DPlotting-build/Makefile&quot;  VERBOSE=1 1DPlotting/fast"/>
					<CompileFile command="/usr/bin/make -j4 -f &quot;/home/rtesse/Documents/Work/GitHub/Root_macro/1DPlotting-build/Makefile&quot;  VERBOSE=1 &quot;$file&quot;"/>
					<Clean command="/usr/bin/make -j4 -f &quot;/home/rtesse/Documents/Work/GitHub/Root_macro/1DPlotting-build/Makefile&quot;  VERBOSE=1 clean"/>
					<DistClean command="/usr/bin/make -j4 -f &quot;/home/rtesse/Documents/Work/GitHub/Root_macro/1DPlotting-build/Makefile&quot;  VERBOSE=1 clean"/>
				</MakeCommands>
			</Target>
			<Target title="edit_cache">
				<Option working_dir="/home/rtesse/Documents/Work/GitHub/Root_macro/1DPlotting-build"/>
				<Option type="4"/>
				<MakeCommands>
					<Build command="/usr/bin/make -j4 -f &quot;/home/rtesse/Documents/Work/GitHub/Root_macro/1DPlotting-build/Makefile&quot;  VERBOSE=1 edit_cache"/>
					<CompileFile command="/usr/bin/make -j4 -f &quot;/home/rtesse/Documents/Work/GitHub/Root_macro/1DPlotting-build/Makefile&quot;  VERBOSE=1 &quot;$file&quot;"/>
					<Clean command="/usr/bin/make -j4 -f &quot;/home/rtesse/Documents/Work/GitHub/Root_macro/1DPlotting-build/Makefile&quot;  VERBOSE=1 clean"/>
					<DistClean command="/usr/bin/make -j4 -f &quot;/home/rtesse/Documents/Work/GitHub/Root_macro/1DPlotting-build/Makefile&quot;  VERBOSE=1 clean"/>
				</MakeCommands>
			</Target>
			<Target title="rebuild_cache">
				<Option working_dir="/home/rtesse/Documents/Work/GitHub/Root_macro/1DPlotting-build"/>
				<Option type="4"/>
				<MakeCommands>
					<Build command="/usr/bin/make -j4 -f &quot;/home/rtesse/Documents/Work/GitHub/Root_macro/1DPlotting-build/Makefile&quot;  VERBOSE=1 rebuild_cache"/>
					<CompileFile command="/usr/bin/make -j4 -f &quot;/home/rtesse/Documents/Work/GitHub/Root_macro/1DPlotting-build/Makefile&quot;  VERBOSE=1 &quot;$file&quot;"/>
					<Clean command="/usr/bin/make -j4 -f &quot;/home/rtesse/Documents/Work/GitHub/Root_macro/1DPlotting-build/Makefile&quot;  VERBOSE=1 clean"/>
					<DistClean command="/usr/bin/make -j4 -f &quot;/home/rtesse/Documents/Work/GitHub/Root_macro/1DPlotting-build/Makefile&quot;  VERBOSE=1 clean"/>
				</MakeCommands>
			</Target>
			<Target title="install">
				<Option working_dir="/home/rtesse/Documents/Work/GitHub/Root_macro/1DPlotting-build"/>
				<Option type="4"/>
				<MakeCommands>
					<Build command="/usr/bin/make -j4 -f &quot;/home/rtesse/Documents/Work/GitHub/Root_macro/1DPlotting-build/Makefile&quot;  VERBOSE=1 install"/>
					<CompileFile command="/usr/bin/make -j4 -f &quot;/home/rtesse/Documents/Work/GitHub/Root_macro/1DPlotting-build/Makefile&quot;  VERBOSE=1 &quot;$file&quot;"/>
					<Clean command="/usr/bin/make -j4 -f &quot;/home/rtesse/Documents/Work/GitHub/Root_macro/1DPlotting-build/Makefile&quot;  VERBOSE=1 clean"/>
					<DistClean command="/usr/bin/make -j4 -f &quot;/home/rtesse/Documents/Work/GitHub/Root_macro/1DPlotting-build/Makefile&quot;  VERBOSE=1 clean"/>
				</MakeCommands>
			</Target>
			<Target title="list_install_components">
				<Option working_dir="/home/rtesse/Documents/Work/GitHub/Root_macro/1DPlotting-build"/>
				<Option type="4"/>
				<MakeCommands>
					<Build command="/usr/bin/make -j4 -f &quot;/home/rtesse/Documents/Work/GitHub/Root_macro/1DPlotting-build/Makefile&quot;  VERBOSE=1 list_install_components"/>
					<CompileFile command="/usr/bin/make -j4 -f &quot;/home/rtesse/Documents/Work/GitHub/Root_macro/1DPlotting-build/Makefile&quot;  VERBOSE=1 &quot;$file&quot;"/>
					<Clean command="/usr/bin/make -j4 -f &quot;/home/rtesse/Documents/Work/GitHub/Root_macro/1DPlotting-build/Makefile&quot;  VERBOSE=1 clean"/>
					<DistClean command="/usr/bin/make -j4 -f &quot;/home/rtesse/Documents/Work/GitHub/Root_macro/1DPlotting-build/Makefile&quot;  VERBOSE=1 clean"/>
				</MakeCommands>
			</Target>
		</Build>
		<Unit filename="/home/rtesse/Documents/Work/GitHub/Root_macro/1DPlotting/1DPlotting.cpp">
			<Option target="1DPlotting"/>
		</Unit>
		<Unit filename="/home/rtesse/Documents/Work/GitHub/Root_macro/1DPlotting/CMakeLists.txt">
			<Option virtualFolder="CMake Files\"/>
		</Unit>
		<Unit filename="/home/rtesse/Documents/Work/GitHub/Root_macro/1DPlotting/../../../../../Software/ROOT/root-build/ROOTConfig-version.cmake">
			<Option virtualFolder="CMake Files\..\..\..\..\..\Software\ROOT\root-build\"/>
		</Unit>
		<Unit filename="/home/rtesse/Documents/Work/GitHub/Root_macro/1DPlotting/../../../../../Software/ROOT/root-build/ROOTConfig.cmake">
			<Option virtualFolder="CMake Files\..\..\..\..\..\Software\ROOT\root-build\"/>
		</Unit>
		<Unit filename="/home/rtesse/Documents/Work/GitHub/Root_macro/1DPlotting/../../../../../Software/ROOT/root-build/ROOTConfig-targets.cmake">
			<Option virtualFolder="CMake Files\..\..\..\..\..\Software\ROOT\root-build\"/>
		</Unit>
		<Unit filename="/home/rtesse/Documents/Work/GitHub/Root_macro/1DPlotting/../../../../../Software/ROOT/root-build/ROOTUseFile.cmake">
			<Option virtualFolder="CMake Files\..\..\..\..\..\Software\ROOT\root-build\"/>
		</Unit>
		<Unit filename="/home/rtesse/Documents/Work/GitHub/Root_macro/1DPlotting/../../../../../Software/ROOT/root/cmake/modules/RootNewMacros.cmake">
			<Option virtualFolder="CMake Files\..\..\..\..\..\Software\ROOT\root\cmake\modules\"/>
		</Unit>
	</Project>
</CodeBlocks_project_file>
